
Microsoft Visual Studio Solution File, Format Version 12.00
# Visual Studio Version 17
VisualStudioVersion = 17.9.34622.214
MinimumVisualStudioVersion = 10.0.40219.1
Project("{FAE04EC0-301F-11D3-BF4B-00C04F79EFBC}") = "Glava 7", "Glava 7\Glava 7.csproj", "{8B0ED77F-B4A2-487E-BD4B-12732384716F}"
EndProject
Global
	GlobalSection(SolutionConfigurationPlatforms) = preSolution
		Debug|Any CPU = Debug|Any CPU
		Release|Any CPU = Release|Any CPU
	EndGlobalSection
	GlobalSection(ProjectConfigurationPlatforms) = postSolution
		{8B0ED77F-B4A2-487E-BD4B-12732384716F}.Debug|Any CPU.ActiveCfg = Debug|Any CPU
		{8B0ED77F-B4A2-487E-BD4B-12732384716F}.Debug|Any CPU.Build.0 = Debug|Any CPU
		{8B0ED77F-B4A2-487E-BD4B-12732384716F}.Release|Any CPU.ActiveCfg = Release|Any CPU
		{8B0ED77F-B4A2-487E-BD4B-12732384716F}.Release|Any CPU.Build.0 = Release|Any CPU
	EndGlobalSection
	GlobalSection(SolutionProperties) = preSolution
		HideSolutionNode = FALSE
	EndGlobalSection
	GlobalSection(ExtensibilityGlobals) = postSolution
		SolutionGuid = {2E0001F2-2E86-4EA9-8394-5B524E5664C8}
	EndGlobalSection
EndGlobal
